
Microsoft Visual Studio Solution File, Format Version 12.00
# Visual Studio 15
VisualStudioVersion = 15.0.28307.1267
MinimumVisualStudioVersion = 10.0.40219.1
Project("{9A19103F-16F7-4668-BE54-9A1E7A4F7556}") = "RabbitMQ.Consumer", "RabbitMQ.Consumer\RabbitMQ.Consumer.csproj", "{27472171-5B97-42F1-A4F5-18DA296B5A8C}"
EndProject
Project("{9A19103F-16F7-4668-BE54-9A1E7A4F7556}") = "RabbitMQ.Common", "Common\RabbitMQ.Common.csproj", "{CA2BAA5D-D8BB-42D6-94C1-59079C2AB2E7}"
EndProject
Project("{9A19103F-16F7-4668-BE54-9A1E7A4F7556}") = "RabbitMQ.Messages", "RabbitMQ.Messages\RabbitMQ.Messages.csproj", "{150E3E5E-EFB4-47D7-B5C7-557C91D17F98}"
EndProject
Project("{FAE04EC0-301F-11D3-BF4B-00C04F79EFBC}") = "RabbitMQ.Connections", "RabbitMQ.Connections\RabbitMQ.Connections.csproj", "{739C0254-B82E-4413-B35E-FC0A5B5278E8}"
EndProject
Project("{FAE04EC0-301F-11D3-BF4B-00C04F79EFBC}") = "RabbitMQ.Logger", "RabbitMQ.Logger\RabbitMQ.Logger.csproj", "{E851E975-65EC-438F-8FC1-237A40B270D6}"
EndProject
Global
	GlobalSection(SolutionConfigurationPlatforms) = preSolution
		Debug|Any CPU = Debug|Any CPU
		Release|Any CPU = Release|Any CPU
	EndGlobalSection
	GlobalSection(ProjectConfigurationPlatforms) = postSolution
		{27472171-5B97-42F1-A4F5-18DA296B5A8C}.Debug|Any CPU.ActiveCfg = Debug|Any CPU
		{27472171-5B97-42F1-A4F5-18DA296B5A8C}.Debug|Any CPU.Build.0 = Debug|Any CPU
		{27472171-5B97-42F1-A4F5-18DA296B5A8C}.Release|Any CPU.ActiveCfg = Release|Any CPU
		{27472171-5B97-42F1-A4F5-18DA296B5A8C}.Release|Any CPU.Build.0 = Release|Any CPU
		{CA2BAA5D-D8BB-42D6-94C1-59079C2AB2E7}.Debug|Any CPU.ActiveCfg = Debug|Any CPU
		{CA2BAA5D-D8BB-42D6-94C1-59079C2AB2E7}.Debug|Any CPU.Build.0 = Debug|Any CPU
		{CA2BAA5D-D8BB-42D6-94C1-59079C2AB2E7}.Release|Any CPU.ActiveCfg = Release|Any CPU
		{CA2BAA5D-D8BB-42D6-94C1-59079C2AB2E7}.Release|Any CPU.Build.0 = Release|Any CPU
		{150E3E5E-EFB4-47D7-B5C7-557C91D17F98}.Debug|Any CPU.ActiveCfg = Debug|Any CPU
		{150E3E5E-EFB4-47D7-B5C7-557C91D17F98}.Debug|Any CPU.Build.0 = Debug|Any CPU
		{150E3E5E-EFB4-47D7-B5C7-557C91D17F98}.Release|Any CPU.ActiveCfg = Release|Any CPU
		{150E3E5E-EFB4-47D7-B5C7-557C91D17F98}.Release|Any CPU.Build.0 = Release|Any CPU
		{739C0254-B82E-4413-B35E-FC0A5B5278E8}.Debug|Any CPU.ActiveCfg = Debug|Any CPU
		{739C0254-B82E-4413-B35E-FC0A5B5278E8}.Debug|Any CPU.Build.0 = Debug|Any CPU
		{739C0254-B82E-4413-B35E-FC0A5B5278E8}.Release|Any CPU.ActiveCfg = Release|Any CPU
		{739C0254-B82E-4413-B35E-FC0A5B5278E8}.Release|Any CPU.Build.0 = Release|Any CPU
		{E851E975-65EC-438F-8FC1-237A40B270D6}.Debug|Any CPU.ActiveCfg = Debug|Any CPU
		{E851E975-65EC-438F-8FC1-237A40B270D6}.Debug|Any CPU.Build.0 = Debug|Any CPU
		{E851E975-65EC-438F-8FC1-237A40B270D6}.Release|Any CPU.ActiveCfg = Release|Any CPU
		{E851E975-65EC-438F-8FC1-237A40B270D6}.Release|Any CPU.Build.0 = Release|Any CPU
	EndGlobalSection
	GlobalSection(SolutionProperties) = preSolution
		HideSolutionNode = FALSE
	EndGlobalSection
	GlobalSection(ExtensibilityGlobals) = postSolution
		SolutionGuid = {DFD473AE-62AA-4431-A93D-BEA1B7C03E8B}
	EndGlobalSection
EndGlobal
